{
  "name": "unstr",
  "version": "0.0.3",
  "lockfileVersion": 1,
  "requires": true,
  "dependencies": {
    "esm": {
      "version": "3.0.34",
      "resolved": "https://registry.npmjs.org/esm/-/esm-3.0.34.tgz",
      "integrity": "sha512-napl1sk7uu4ULhGVWVGIleN2G1TpURvfq5+ALLSc1V4jXcbftCtV8RIOkHw46UnLtzw3xIZgMES39f6N75JhtA=="
    }
  }
}
